// !$*UTF8*$!
{
	archiveVersion = 1;
	classes = {
	};
	objectVersion = 55;
	objects = {

/* Begin PBXBuildFile section */
		F581241E2923E07E00629F6A /* fantaApp.swift in Sources */ = {isa = PBXBuildFile; fileRef = F581241D2923E07E00629F6A /* fantaApp.swift */; };
		F58124202923E07E00629F6A /* ContentView.swift in Sources */ = {isa = PBXBuildFile; fileRef = F581241F2923E07E00629F6A /* ContentView.swift */; };
		F58124222923E08000629F6A /* Assets.xcassets in Resources */ = {isa = PBXBuildFile; fileRef = F58124212923E08000629F6A /* Assets.xcassets */; };
		F58124252923E08000629F6A /* Preview Assets.xcassets in Resources */ = {isa = PBXBuildFile; fileRef = F58124242923E08000629F6A /* Preview Assets.xcassets */; };
		F581242F2923E08000629F6A /* fantaTests.swift in Sources */ = {isa = PBXBuildFile; fileRef = F581242E2923E08000629F6A /* fantaTests.swift */; };
		F58124392923E08000629F6A /* fantaUITests.swift in Sources */ = {isa = PBXBuildFile; fileRef = F58124382923E08000629F6A /* fantaUITests.swift */; };
		F581243B2923E08000629F6A /* fantaUITestsLaunchTests.swift in Sources */ = {isa = PBXBuildFile; fileRef = F581243A2923E08000629F6A /* fantaUITestsLaunchTests.swift */; };
/* End PBXBuildFile section */

/* Begin PBXContainerItemProxy section */
		F581242B2923E08000629F6A /* PBXContainerItemProxy */ = {
			isa = PBXContainerItemProxy;
			containerPortal = F58124122923E07E00629F6A /* Project object */;
			proxyType = 1;
			remoteGlobalIDString = F58124192923E07E00629F6A;
			remoteInfo = fanta;
		};
		F58124352923E08000629F6A /* PBXContainerItemProxy */ = {
			isa = PBXContainerItemProxy;
			containerPortal = F58124122923E07E00629F6A /* Project object */;
			proxyType = 1;
			remoteGlobalIDString = F58124192923E07E00629F6A;
			remoteInfo = fanta;
		};
/* End PBXContainerItemProxy section */

/* Begin PBXFileReference section */
		F581241A2923E07E00629F6A /* fanta.app */ = {isa = PBXFileReference; explicitFileType = wrapper.application; includeInIndex = 0; path = fanta.app; sourceTree = BUILT_PRODUCTS_DIR; };
		F581241D2923E07E00629F6A /* fantaApp.swift */ = {isa = PBXFileReference; lastKnownFileType = sourcecode.swift; path = fantaApp.swift; sourceTree = "<group>"; };
		F581241F2923E07E00629F6A /* ContentView.swift */ = {isa = PBXFileReference; lastKnownFileType = sourcecode.swift; path = ContentView.swift; sourceTree = "<group>"; };
		F58124212923E08000629F6A /* Assets.xcassets */ = {isa = PBXFileReference; lastKnownFileType = folder.assetcatalog; path = Assets.xcassets; sourceTree = "<group>"; };
		F58124242923E08000629F6A /* Preview Assets.xcassets */ = {isa = PBXFileReference; lastKnownFileType = folder.assetcatalog; path = "Preview Assets.xcassets"; sourceTree = "<group>"; };
		F581242A2923E08000629F6A /* fantaTests.xctest */ = {isa = PBXFileReference; explicitFileType = wrapper.cfbundle; includeInIndex = 0; path = fantaTests.xctest; sourceTree = BUILT_PRODUCTS_DIR; };
		F581242E2923E08000629F6A /* fantaTests.swift */ = {isa = PBXFileReference; lastKnownFileType = sourcecode.swift; path = fantaTests.swift; sourceTree = "<group>"; };
		F58124342923E08000629F6A /* fantaUITests.xctest */ = {isa = PBXFileReference; explicitFileType = wrapper.cfbundle; includeInIndex = 0; path = fantaUITests.xctest; sourceTree = BUILT_PRODUCTS_DIR; };
		F58124382923E08000629F6A /* fantaUITests.swift */ = {isa = PBXFileReference; lastKnownFileType = sourcecode.swift; path = fantaUITests.swift; sourceTree = "<group>"; };
		F581243A2923E08000629F6A /* fantaUITestsLaunchTests.swift */ = {isa = PBXFileReference; lastKnownFileType = sourcecode.swift; path = fantaUITestsLaunchTests.swift; sourceTree = "<group>"; };
/* End PBXFileReference section */

/* Begin PBXFrameworksBuildPhase section */
		F58124172923E07E00629F6A /* Frameworks */ = {
			isa = PBXFrameworksBuildPhase;
			buildActionMask = 2147483647;
			files = (
			);
			runOnlyForDeploymentPostprocessing = 0;
		};
		F58124272923E08000629F6A /* Frameworks */ = {
			isa = PBXFrameworksBuildPhase;
			buildActionMask = 2147483647;
			files = (
			);
			runOnlyForDeploymentPostprocessing = 0;
		};
		F58124312923E08000629F6A /* Frameworks */ = {
			isa = PBXFrameworksBuildPhase;
			buildActionMask = 2147483647;
			files = (
			);
			runOnlyForDeploymentPostprocessing = 0;
		};
/* End PBXFrameworksBuildPhase section */

/* Begin PBXGroup section */
		F58124112923E07E00629F6A = {
			isa = PBXGroup;
			children = (
				F581241C2923E07E00629F6A /* fanta */,
				F581242D2923E08000629F6A /* fantaTests */,
				F58124372923E08000629F6A /* fantaUITests */,
				F581241B2923E07E00629F6A /* Products */,
			);
			sourceTree = "<group>";
		};
		F581241B2923E07E00629F6A /* Products */ = {
			isa = PBXGroup;
			children = (
				F581241A2923E07E00629F6A /* fanta.app */,
				F581242A2923E08000629F6A /* fantaTests.xctest */,
				F58124342923E08000629F6A /* fantaUITests.xctest */,
			);
			name = Products;
			sourceTree = "<group>";
		};
		F581241C2923E07E00629F6A /* fanta */ = {
			isa = PBXGroup;
			children = (
				F581241D2923E07E00629F6A /* fantaApp.swift */,
				F581241F2923E07E00629F6A /* ContentView.swift */,
				F58124212923E08000629F6A /* Assets.xcassets */,
				F58124232923E08000629F6A /* Preview Content */,
			);
			path = fanta;
			sourceTree = "<group>";
		};
		F58124232923E08000629F6A /* Preview Content */ = {
			isa = PBXGroup;
			children = (
				F58124242923E08000629F6A /* Preview Assets.xcassets */,
			);
			path = "Preview Content";
			sourceTree = "<group>";
		};
		F581242D2923E08000629F6A /* fantaTests */ = {
			isa = PBXGroup;
			children = (
				F581242E2923E08000629F6A /* fantaTests.swift */,
			);
			path = fantaTests;
			sourceTree = "<group>";
		};
		F58124372923E08000629F6A /* fantaUITests */ = {
			isa = PBXGroup;
			children = (
				F58124382923E08000629F6A /* fantaUITests.swift */,
				F581243A2923E08000629F6A /* fantaUITestsLaunchTests.swift */,
			);
			path = fantaUITests;
			sourceTree = "<group>";
		};
/* End PBXGroup section */

/* Begin PBXNativeTarget section */
		F58124192923E07E00629F6A /* fanta */ = {
			isa = PBXNativeTarget;
			buildConfigurationList = F581243E2923E08000629F6A /* Build configuration list for PBXNativeTarget "fanta" */;
			buildPhases = (
				F58124162923E07E00629F6A /* Sources */,
				F58124172923E07E00629F6A /* Frameworks */,
				F58124182923E07E00629F6A /* Resources */,
			);
			buildRules = (
			);
			dependencies = (
			);
			name = fanta;
			productName = fanta;
			productReference = F581241A2923E07E00629F6A /* fanta.app */;
			productType = "com.apple.product-type.application";
		};
		F58124292923E08000629F6A /* fantaTests */ = {
			isa = PBXNativeTarget;
			buildConfigurationList = F58124412923E08000629F6A /* Build configuration list for PBXNativeTarget "fantaTests" */;
			buildPhases = (
				F58124262923E08000629F6A /* Sources */,
				F58124272923E08000629F6A /* Frameworks */,
				F58124282923E08000629F6A /* Resources */,
			);
			buildRules = (
			);
			dependencies = (
				F581242C2923E08000629F6A /* PBXTargetDependency */,
			);
			name = fantaTests;
			productName = fantaTests;
			productReference = F581242A2923E08000629F6A /* fantaTests.xctest */;
			productType = "com.apple.product-type.bundle.unit-test";
		};
		F58124332923E08000629F6A /* fantaUITests */ = {
			isa = PBXNativeTarget;
			buildConfigurationList = F58124442923E08000629F6A /* Build configuration list for PBXNativeTarget "fantaUITests" */;
			buildPhases = (
				F58124302923E08000629F6A /* Sources */,
				F58124312923E08000629F6A /* Frameworks */,
				F58124322923E08000629F6A /* Resources */,
			);
			buildRules = (
			);
			dependencies = (
				F58124362923E08000629F6A /* PBXTargetDependency */,
			);
			name = fantaUITests;
			productName = fantaUITests;
			productReference = F58124342923E08000629F6A /* fantaUITests.xctest */;
			productType = "com.apple.product-type.bundle.ui-testing";
		};
/* End PBXNativeTarget section */

/* Begin PBXProject section */
		F58124122923E07E00629F6A /* Project object */ = {
			isa = PBXProject;
			attributes = {
				BuildIndependentTargetsInParallel = 1;
				LastSwiftUpdateCheck = 1340;
				LastUpgradeCheck = 1340;
				TargetAttributes = {
					F58124192923E07E00629F6A = {
						CreatedOnToolsVersion = 13.4.1;
					};
					F58124292923E08000629F6A = {
						CreatedOnToolsVersion = 13.4.1;
						TestTargetID = F58124192923E07E00629F6A;
					};
					F58124332923E08000629F6A = {
						CreatedOnToolsVersion = 13.4.1;
						TestTargetID = F58124192923E07E00629F6A;
					};
				};
			};
			buildConfigurationList = F58124152923E07E00629F6A /* Build configuration list for PBXProject "fanta" */;
			compatibilityVersion = "Xcode 13.0";
			developmentRegion = en;
			hasScannedForEncodings = 0;
			knownRegions = (
				en,
				Base,
			);
			mainGroup = F58124112923E07E00629F6A;
			productRefGroup = F581241B2923E07E00629F6A /* Products */;
			projectDirPath = "";
			projectRoot = "";
			targets = (
				F58124192923E07E00629F6A /* fanta */,
				F58124292923E08000629F6A /* fantaTests */,
				F58124332923E08000629F6A /* fantaUITests */,
			);
		};
/* End PBXProject section */

/* Begin PBXResourcesBuildPhase section */
		F58124182923E07E00629F6A /* Resources */ = {
			isa = PBXResourcesBuildPhase;
			buildActionMask = 2147483647;
			files = (
				F58124252923E08000629F6A /* Preview Assets.xcassets in Resources */,
				F58124222923E08000629F6A /* Assets.xcassets in Resources */,
			);
			runOnlyForDeploymentPostprocessing = 0;
		};
		F58124282923E08000629F6A /* Resources */ = {
			isa = PBXResourcesBuildPhase;
			buildActionMask = 2147483647;
			files = (
			);
			runOnlyForDeploymentPostprocessing = 0;
		};
		F58124322923E08000629F6A /* Resources */ = {
			isa = PBXResourcesBuildPhase;
			buildActionMask = 2147483647;
			files = (
			);
			runOnlyForDeploymentPostprocessing = 0;
		};
/* End PBXResourcesBuildPhase section */

/* Begin PBXSourcesBuildPhase section */
		F58124162923E07E00629F6A /* Sources */ = {
			isa = PBXSourcesBuildPhase;
			buildActionMask = 2147483647;
			files = (
				F58124202923E07E00629F6A /* ContentView.swift in Sources */,
				F581241E2923E07E00629F6A /* fantaApp.swift in Sources */,
			);
			runOnlyForDeploymentPostprocessing = 0;
		};
		F58124262923E08000629F6A /* Sources */ = {
			isa = PBXSourcesBuildPhase;
			buildActionMask = 2147483647;
			files = (
				F581242F2923E08000629F6A /* fantaTests.swift in Sources */,
			);
			runOnlyForDeploymentPostprocessing = 0;
		};
		F58124302923E08000629F6A /* Sources */ = {
			isa = PBXSourcesBuildPhase;
			buildActionMask = 2147483647;
			files = (
				F58124392923E08000629F6A /* fantaUITests.swift in Sources */,
				F581243B2923E08000629F6A /* fantaUITestsLaunchTests.swift in Sources */,
			);
			runOnlyForDeploymentPostprocessing = 0;
		};
/* End PBXSourcesBuildPhase section */

/* Begin PBXTargetDependency section */
		F581242C2923E08000629F6A /* PBXTargetDependency */ = {
			isa = PBXTargetDependency;
			target = F58124192923E07E00629F6A /* fanta */;
			targetProxy = F581242B2923E08000629F6A /* PBXContainerItemProxy */;
		};
		F58124362923E08000629F6A /* PBXTargetDependency */ = {
			isa = PBXTargetDependency;
			target = F58124192923E07E00629F6A /* fanta */;
			targetProxy = F58124352923E08000629F6A /* PBXContainerItemProxy */;
		};
/* End PBXTargetDependency section */

/* Begin XCBuildConfiguration section */
		F581243C2923E08000629F6A /* Debug */ = {
			isa = XCBuildConfiguration;
			buildSettings = {
				ALWAYS_SEARCH_USER_PATHS = NO;
				CLANG_ANALYZER_NONNULL = YES;
				CLANG_ANALYZER_NUMBER_OBJECT_CONVERSION = YES_AGGRESSIVE;
				CLANG_CXX_LANGUAGE_STANDARD = "gnu++17";
				CLANG_ENABLE_MODULES = YES;
				CLANG_ENABLE_OBJC_ARC = YES;
				CLANG_ENABLE_OBJC_WEAK = YES;
				CLANG_WARN_BLOCK_CAPTURE_AUTORELEASING = YES;
				CLANG_WARN_BOOL_CONVERSION = YES;
				CLANG_WARN_COMMA = YES;
				CLANG_WARN_CONSTANT_CONVERSION = YES;
				CLANG_WARN_DEPRECATED_OBJC_IMPLEMENTATIONS = YES;
				CLANG_WARN_DIRECT_OBJC_ISA_USAGE = YES_ERROR;
				CLANG_WARN_DOCUMENTATION_COMMENTS = YES;
				CLANG_WARN_EMPTY_BODY = YES;
				CLANG_WARN_ENUM_CONVERSION = YES;
				CLANG_WARN_INFINITE_RECURSION = YES;
				CLANG_WARN_INT_CONVERSION = YES;
				CLANG_WARN_NON_LITERAL_NULL_CONVERSION = YES;
				CLANG_WARN_OBJC_IMPLICIT_RETAIN_SELF = YES;
				CLANG_WARN_OBJC_LITERAL_CONVERSION = YES;
				CLANG_WARN_OBJC_ROOT_CLASS = YES_ERROR;
				CLANG_WARN_QUOTED_INCLUDE_IN_FRAMEWORK_HEADER = YES;
				CLANG_WARN_RANGE_LOOP_ANALYSIS = YES;
				CLANG_WARN_STRICT_PROTOTYPES = YES;
				CLANG_WARN_SUSPICIOUS_MOVE = YES;
				CLANG_WARN_UNGUARDED_AVAILABILITY = YES_AGGRESSIVE;
				CLANG_WARN_UNREACHABLE_CODE = YES;
				CLANG_WARN__DUPLICATE_METHOD_MATCH = YES;
				COPY_PHASE_STRIP = NO;
				DEBUG_INFORMATION_FORMAT = dwarf;
				ENABLE_STRICT_OBJC_MSGSEND = YES;
				ENABLE_TESTABILITY = YES;
				GCC_C_LANGUAGE_STANDARD = gnu11;
				GCC_DYNAMIC_NO_PIC = NO;
				GCC_NO_COMMON_BLOCKS = YES;
				GCC_OPTIMIZATION_LEVEL = 0;
				GCC_PREPROCESSOR_DEFINITIONS = (
					"DEBUG=1",
					"$(inherited)",
				);
				GCC_WARN_64_TO_32_BIT_CONVERSION = YES;
				GCC_WARN_ABOUT_RETURN_TYPE = YES_ERROR;
				GCC_WARN_UNDECLARED_SELECTOR = YES;
				GCC_WARN_UNINITIALIZED_AUTOS = YES_AGGRESSIVE;
				GCC_WARN_UNUSED_FUNCTION = YES;
				GCC_WARN_UNUSED_VARIABLE = YES;
				IPHONEOS_DEPLOYMENT_TARGET = 15.5;
				MTL_ENABLE_DEBUG_INFO = INCLUDE_SOURCE;
				MTL_FAST_MATH = YES;
				ONLY_ACTIVE_ARCH = YES;
				SDKROOT = iphoneos;
				SWIFT_ACTIVE_COMPILATION_CONDITIONS = DEBUG;
				SWIFT_OPTIMIZATION_LEVEL = "-Onone";
			};
			name = Debug;
		};
		F581243D2923E08000629F6A /* Release */ = {
			isa = XCBuildConfiguration;
			buildSettings = {
				ALWAYS_SEARCH_USER_PATHS = NO;
				CLANG_ANALYZER_NONNULL = YES;
				CLANG_ANALYZER_NUMBER_OBJECT_CONVERSION = YES_AGGRESSIVE;
				CLANG_CXX_LANGUAGE_STANDARD = "gnu++17";
				CLANG_ENABLE_MODULES = YES;
				CLANG_ENABLE_OBJC_ARC = YES;
				CLANG_ENABLE_OBJC_WEAK = YES;
				CLANG_WARN_BLOCK_CAPTURE_AUTORELEASING = YES;
				CLANG_WARN_BOOL_CONVERSION = YES;
				CLANG_WARN_COMMA = YES;
				CLANG_WARN_CONSTANT_CONVERSION = YES;
				CLANG_WARN_DEPRECATED_OBJC_IMPLEMENTATIONS = YES;
				CLANG_WARN_DIRECT_OBJC_ISA_USAGE = YES_ERROR;
				CLANG_WARN_DOCUMENTATION_COMMENTS = YES;
				CLANG_WARN_EMPTY_BODY = YES;
				CLANG_WARN_ENUM_CONVERSION = YES;
				CLANG_WARN_INFINITE_RECURSION = YES;
				CLANG_WARN_INT_CONVERSION = YES;
				CLANG_WARN_NON_LITERAL_NULL_CONVERSION = YES;
				CLANG_WARN_OBJC_IMPLICIT_RETAIN_SELF = YES;
				CLANG_WARN_OBJC_LITERAL_CONVERSION = YES;
				CLANG_WARN_OBJC_ROOT_CLASS = YES_ERROR;
				CLANG_WARN_QUOTED_INCLUDE_IN_FRAMEWORK_HEADER = YES;
				CLANG_WARN_RANGE_LOOP_ANALYSIS = YES;
				CLANG_WARN_STRICT_PROTOTYPES = YES;
				CLANG_WARN_SUSPICIOUS_MOVE = YES;
				CLANG_WARN_UNGUARDED_AVAILABILITY = YES_AGGRESSIVE;
				CLANG_WARN_UNREACHABLE_CODE = YES;
				CLANG_WARN__DUPLICATE_METHOD_MATCH = YES;
				COPY_PHASE_STRIP = NO;
				DEBUG_INFORMATION_FORMAT = "dwarf-with-dsym";
				ENABLE_NS_ASSERTIONS = NO;
				ENABLE_STRICT_OBJC_MSGSEND = YES;
				GCC_C_LANGUAGE_STANDARD = gnu11;
				GCC_NO_COMMON_BLOCKS = YES;
				GCC_WARN_64_TO_32_BIT_CONVERSION = YES;
				GCC_WARN_ABOUT_RETURN_TYPE = YES_ERROR;
				GCC_WARN_UNDECLARED_SELECTOR = YES;
				GCC_WARN_UNINITIALIZED_AUTOS = YES_AGGRESSIVE;
				GCC_WARN_UNUSED_FUNCTION = YES;
				GCC_WARN_UNUSED_VARIABLE = YES;
				IPHONEOS_DEPLOYMENT_TARGET = 15.5;
				MTL_ENABLE_DEBUG_INFO = NO;
				MTL_FAST_MATH = YES;
				SDKROOT = iphoneos;
				SWIFT_COMPILATION_MODE = wholemodule;
				SWIFT_OPTIMIZATION_LEVEL = "-O";
				VALIDATE_PRODUCT = YES;
			};
			name = Release;
		};
		F581243F2923E08000629F6A /* Debug */ = {
			isa = XCBuildConfiguration;
			buildSettings = {
				ASSETCATALOG_COMPILER_APPICON_NAME = AppIcon;
				ASSETCATALOG_COMPILER_GLOBAL_ACCENT_COLOR_NAME = AccentColor;
				CODE_SIGN_STYLE = Automatic;
				CURRENT_PROJECT_VERSION = 1;
				DEVELOPMENT_ASSET_PATHS = "\"fanta/Preview Content\"";
				ENABLE_PREVIEWS = YES;
				GENERATE_INFOPLIST_FILE = YES;
				INFOPLIST_KEY_UIApplicationSceneManifest_Generation = YES;
				INFOPLIST_KEY_UIApplicationSupportsIndirectInputEvents = YES;
				INFOPLIST_KEY_UILaunchScreen_Generation = YES;
				INFOPLIST_KEY_UISupportedInterfaceOrientations_iPad = "UIInterfaceOrientationPortrait UIInterfaceOrientationPortraitUpsideDown UIInterfaceOrientationLandscapeLeft UIInterfaceOrientationLandscapeRight";
				INFOPLIST_KEY_UISupportedInterfaceOrientations_iPhone = "UIInterfaceOrientationPortrait UIInterfaceOrientationLandscapeLeft UIInterfaceOrientationLandscapeRight";
				LD_RUNPATH_SEARCH_PATHS = (
					"$(inherited)",
					"@executable_path/Frameworks",
				);
				MARKETING_VERSION = 1.0;
				PRODUCT_BUNDLE_IDENTIFIER = nalin.com.fanta;
				PRODUCT_NAME = "$(TARGET_NAME)";
				SWIFT_EMIT_LOC_STRINGS = YES;
				SWIFT_VERSION = 5.0;
				TARGETED_DEVICE_FAMILY = "1,2";
			};
			name = Debug;
		};
		F58124402923E08000629F6A /* Release */ = {
			isa = XCBuildConfiguration;
			buildSettings = {
				ASSETCATALOG_COMPILER_APPICON_NAME = AppIcon;
				ASSETCATALOG_COMPILER_GLOBAL_ACCENT_COLOR_NAME = AccentColor;
				CODE_SIGN_STYLE = Automatic;
				CURRENT_PROJECT_VERSION = 1;
				DEVELOPMENT_ASSET_PATHS = "\"fanta/Preview Content\"";
				ENABLE_PREVIEWS = YES;
				GENERATE_INFOPLIST_FILE = YES;
				INFOPLIST_KEY_UIApplicationSceneManifest_Generation = YES;
				INFOPLIST_KEY_UIApplicationSupportsIndirectInputEvents = YES;
				INFOPLIST_KEY_UILaunchScreen_Generation = YES;
				INFOPLIST_KEY_UISupportedInterfaceOrientations_iPad = "UIInterfaceOrientationPortrait UIInterfaceOrientationPortraitUpsideDown UIInterfaceOrientationLandscapeLeft UIInterfaceOrientationLandscapeRight";
				INFOPLIST_KEY_UISupportedInterfaceOrientations_iPhone = "UIInterfaceOrientationPortrait UIInterfaceOrientationLandscapeLeft UIInterfaceOrientationLandscapeRight";
				LD_RUNPATH_SEARCH_PATHS = (
					"$(inherited)",
					"@executable_path/Frameworks",
				);
				MARKETING_VERSION = 1.0;
				PRODUCT_BUNDLE_IDENTIFIER = nalin.com.fanta;
				PRODUCT_NAME = "$(TARGET_NAME)";
				SWIFT_EMIT_LOC_STRINGS = YES;
				SWIFT_VERSION = 5.0;
				TARGETED_DEVICE_FAMILY = "1,2";
			};
			name = Release;
		};
		F58124422923E08000629F6A /* Debug */ = {
			isa = XCBuildConfiguration;
			buildSettings = {
				ALWAYS_EMBED_SWIFT_STANDARD_LIBRARIES = YES;
				BUNDLE_LOADER = "$(TEST_HOST)";
				CODE_SIGN_STYLE = Automatic;
				CURRENT_PROJECT_VERSION = 1;
				GENERATE_INFOPLIST_FILE = YES;
				IPHONEOS_DEPLOYMENT_TARGET = 15.5;
				MARKETING_VERSION = 1.0;
				PRODUCT_BUNDLE_IDENTIFIER = nalin.com.fantaTests;
				PRODUCT_NAME = "$(TARGET_NAME)";
				SWIFT_EMIT_LOC_STRINGS = NO;
				SWIFT_VERSION = 5.0;
				TARGETED_DEVICE_FAMILY = "1,2";
				TEST_HOST = "$(BUILT_PRODUCTS_DIR)/fanta.app/fanta";
			};
			name = Debug;
		};
		F58124432923E08000629F6A /* Release */ = {
			isa = XCBuildConfiguration;
			buildSettings = {
				ALWAYS_EMBED_SWIFT_STANDARD_LIBRARIES = YES;
				BUNDLE_LOADER = "$(TEST_HOST)";
				CODE_SIGN_STYLE = Automatic;
				CURRENT_PROJECT_VERSION = 1;
				GENERATE_INFOPLIST_FILE = YES;
				IPHONEOS_DEPLOYMENT_TARGET = 15.5;
				MARKETING_VERSION = 1.0;
				PRODUCT_BUNDLE_IDENTIFIER = nalin.com.fantaTests;
				PRODUCT_NAME = "$(TARGET_NAME)";
				SWIFT_EMIT_LOC_STRINGS = NO;
				SWIFT_VERSION = 5.0;
				TARGETED_DEVICE_FAMILY = "1,2";
				TEST_HOST = "$(BUILT_PRODUCTS_DIR)/fanta.app/fanta";
			};
			name = Release;
		};
		F58124452923E08000629F6A /* Debug */ = {
			isa = XCBuildConfiguration;
			buildSettings = {
				ALWAYS_EMBED_SWIFT_STANDARD_LIBRARIES = YES;
				CODE_SIGN_STYLE = Automatic;
				CURRENT_PROJECT_VERSION = 1;
				GENERATE_INFOPLIST_FILE = YES;
				MARKETING_VERSION = 1.0;
				PRODUCT_BUNDLE_IDENTIFIER = nalin.com.fantaUITests;
				PRODUCT_NAME = "$(TARGET_NAME)";
				SWIFT_EMIT_LOC_STRINGS = NO;
				SWIFT_VERSION = 5.0;
				TARGETED_DEVICE_FAMILY = "1,2";
				TEST_TARGET_NAME = fanta;
			};
			name = Debug;
		};
		F58124462923E08000629F6A /* Release */ = {
			isa = XCBuildConfiguration;
			buildSettings = {
				ALWAYS_EMBED_SWIFT_STANDARD_LIBRARIES = YES;
				CODE_SIGN_STYLE = Automatic;
				CURRENT_PROJECT_VERSION = 1;
				GENERATE_INFOPLIST_FILE = YES;
				MARKETING_VERSION = 1.0;
				PRODUCT_BUNDLE_IDENTIFIER = nalin.com.fantaUITests;
				PRODUCT_NAME = "$(TARGET_NAME)";
				SWIFT_EMIT_LOC_STRINGS = NO;
				SWIFT_VERSION = 5.0;
				TARGETED_DEVICE_FAMILY = "1,2";
				TEST_TARGET_NAME = fanta;
			};
			name = Release;
		};
/* End XCBuildConfiguration section */

/* Begin XCConfigurationList section */
		F58124152923E07E00629F6A /* Build configuration list for PBXProject "fanta" */ = {
			isa = XCConfigurationList;
			buildConfigurations = (
				F581243C2923E08000629F6A /* Debug */,
				F581243D2923E08000629F6A /* Release */,
			);
			defaultConfigurationIsVisible = 0;
			defaultConfigurationName = Release;
		};
		F581243E2923E08000629F6A /* Build configuration list for PBXNativeTarget "fanta" */ = {
			isa = XCConfigurationList;
			buildConfigurations = (
				F581243F2923E08000629F6A /* Debug */,
				F58124402923E08000629F6A /* Release */,
			);
			defaultConfigurationIsVisible = 0;
			defaultConfigurationName = Release;
		};
		F58124412923E08000629F6A /* Build configuration list for PBXNativeTarget "fantaTests" */ = {
			isa = XCConfigurationList;
			buildConfigurations = (
				F58124422923E08000629F6A /* Debug */,
				F58124432923E08000629F6A /* Release */,
			);
			defaultConfigurationIsVisible = 0;
			defaultConfigurationName = Release;
		};
		F58124442923E08000629F6A /* Build configuration list for PBXNativeTarget "fantaUITests" */ = {
			isa = XCConfigurationList;
			buildConfigurations = (
				F58124452923E08000629F6A /* Debug */,
				F58124462923E08000629F6A /* Release */,
			);
			defaultConfigurationIsVisible = 0;
			defaultConfigurationName = Release;
		};
/* End XCConfigurationList section */
	};
	rootObject = F58124122923E07E00629F6A /* Project object */;
}
